// !$*UTF8*$!
{
	archiveVersion = 1;
	classes = {
	};
	objectVersion = 50;
	objects = {

/* Begin PBXBuildFile section */
		41EA0B3021E3672100DE32E5 /* AppDelegate.swift in Sources */ = {isa = PBXBuildFile; fileRef = 41EA0B2F21E3672100DE32E5 /* AppDelegate.swift */; };
		41EA0B3221E3672100DE32E5 /* TaskListViewController.swift in Sources */ = {isa = PBXBuildFile; fileRef = 41EA0B3121E3672100DE32E5 /* TaskListViewController.swift */; };
		41EA0B3521E3672100DE32E5 /* Main.storyboard in Resources */ = {isa = PBXBuildFile; fileRef = 41EA0B3321E3672100DE32E5 /* Main.storyboard */; };
		41EA0B3821E3672100DE32E5 /* Tasker.xcdatamodeld in Sources */ = {isa = PBXBuildFile; fileRef = 41EA0B3621E3672100DE32E5 /* Tasker.xcdatamodeld */; };
		41EA0B3A21E3672300DE32E5 /* Assets.xcassets in Resources */ = {isa = PBXBuildFile; fileRef = 41EA0B3921E3672300DE32E5 /* Assets.xcassets */; };
		41EA0B3D21E3672300DE32E5 /* LaunchScreen.storyboard in Resources */ = {isa = PBXBuildFile; fileRef = 41EA0B3B21E3672300DE32E5 /* LaunchScreen.storyboard */; };
		41EA0B4921E39C0200DE32E5 /* TaskCellView.xib in Resources */ = {isa = PBXBuildFile; fileRef = 41EA0B4821E39C0200DE32E5 /* TaskCellView.xib */; };
		41EA0B4D21E39C9B00DE32E5 /* TaskCellView.swift in Sources */ = {isa = PBXBuildFile; fileRef = 41EA0B4C21E39C9B00DE32E5 /* TaskCellView.swift */; };
		41EA0B4F21E3C14D00DE32E5 /* TasksFetchedResultsController.swift in Sources */ = {isa = PBXBuildFile; fileRef = 41EA0B4E21E3C14D00DE32E5 /* TasksFetchedResultsController.swift */; };
/* End PBXBuildFile section */

/* Begin PBXFileReference section */
		41EA0B2C21E3672100DE32E5 /* Tasker.app */ = {isa = PBXFileReference; explicitFileType = wrapper.application; includeInIndex = 0; path = Tasker.app; sourceTree = BUILT_PRODUCTS_DIR; };
		41EA0B2F21E3672100DE32E5 /* AppDelegate.swift */ = {isa = PBXFileReference; lastKnownFileType = sourcecode.swift; path = AppDelegate.swift; sourceTree = "<group>"; };
		41EA0B3121E3672100DE32E5 /* TaskListViewController.swift */ = {isa = PBXFileReference; lastKnownFileType = sourcecode.swift; path = TaskListViewController.swift; sourceTree = "<group>"; };
		41EA0B3421E3672100DE32E5 /* Base */ = {isa = PBXFileReference; lastKnownFileType = file.storyboard; name = Base; path = Base.lproj/Main.storyboard; sourceTree = "<group>"; };
		41EA0B3721E3672100DE32E5 /* Tasker.xcdatamodel */ = {isa = PBXFileReference; lastKnownFileType = wrapper.xcdatamodel; path = Tasker.xcdatamodel; sourceTree = "<group>"; };
		41EA0B3921E3672300DE32E5 /* Assets.xcassets */ = {isa = PBXFileReference; lastKnownFileType = folder.assetcatalog; path = Assets.xcassets; sourceTree = "<group>"; };
		41EA0B3C21E3672300DE32E5 /* Base */ = {isa = PBXFileReference; lastKnownFileType = file.storyboard; name = Base; path = Base.lproj/LaunchScreen.storyboard; sourceTree = "<group>"; };
		41EA0B3E21E3672300DE32E5 /* Info.plist */ = {isa = PBXFileReference; lastKnownFileType = text.plist.xml; path = Info.plist; sourceTree = "<group>"; };
		41EA0B4821E39C0200DE32E5 /* TaskCellView.xib */ = {isa = PBXFileReference; lastKnownFileType = file.xib; path = TaskCellView.xib; sourceTree = "<group>"; };
		41EA0B4C21E39C9B00DE32E5 /* TaskCellView.swift */ = {isa = PBXFileReference; lastKnownFileType = sourcecode.swift; path = TaskCellView.swift; sourceTree = "<group>"; };
		41EA0B4E21E3C14D00DE32E5 /* TasksFetchedResultsController.swift */ = {isa = PBXFileReference; lastKnownFileType = sourcecode.swift; path = TasksFetchedResultsController.swift; sourceTree = "<group>"; };
/* End PBXFileReference section */

/* Begin PBXFrameworksBuildPhase section */
		41EA0B2921E3672100DE32E5 /* Frameworks */ = {
			isa = PBXFrameworksBuildPhase;
			buildActionMask = 2147483647;
			files = (
			);
			runOnlyForDeploymentPostprocessing = 0;
		};
/* End PBXFrameworksBuildPhase section */

/* Begin PBXGroup section */
		41EA0B2321E3672100DE32E5 = {
			isa = PBXGroup;
			children = (
				41EA0B2E21E3672100DE32E5 /* Tasker */,
				41EA0B2D21E3672100DE32E5 /* Products */,
			);
			sourceTree = "<group>";
		};
		41EA0B2D21E3672100DE32E5 /* Products */ = {
			isa = PBXGroup;
			children = (
				41EA0B2C21E3672100DE32E5 /* Tasker.app */,
			);
			name = Products;
			sourceTree = "<group>";
		};
		41EA0B2E21E3672100DE32E5 /* Tasker */ = {
			isa = PBXGroup;
			children = (
				41EA0B4A21E39C2E00DE32E5 /* UI */,
				41EA0B4721E367DB00DE32E5 /* Controllers */,
				41EA0B2F21E3672100DE32E5 /* AppDelegate.swift */,
				41EA0B3921E3672300DE32E5 /* Assets.xcassets */,
				41EA0B4521E367AB00DE32E5 /* Supporting Files */,
				41EA0B4621E367C200DE32E5 /* Database */,
			);
			path = Tasker;
			sourceTree = "<group>";
		};
		41EA0B4421E3678B00DE32E5 /* Storyboards */ = {
			isa = PBXGroup;
			children = (
				41EA0B3321E3672100DE32E5 /* Main.storyboard */,
				41EA0B3B21E3672300DE32E5 /* LaunchScreen.storyboard */,
			);
			path = Storyboards;
			sourceTree = "<group>";
		};
		41EA0B4521E367AB00DE32E5 /* Supporting Files */ = {
			isa = PBXGroup;
			children = (
				41EA0B3E21E3672300DE32E5 /* Info.plist */,
			);
			name = "Supporting Files";
			sourceTree = "<group>";
		};
		41EA0B4621E367C200DE32E5 /* Database */ = {
			isa = PBXGroup;
			children = (
				41EA0B3621E3672100DE32E5 /* Tasker.xcdatamodeld */,
			);
			path = Database;
			sourceTree = "<group>";
		};
		41EA0B4721E367DB00DE32E5 /* Controllers */ = {
			isa = PBXGroup;
			children = (
				41EA0B3121E3672100DE32E5 /* TaskListViewController.swift */,
				41EA0B4E21E3C14D00DE32E5 /* TasksFetchedResultsController.swift */,
			);
			name = Controllers;
			sourceTree = "<group>";
		};
		41EA0B4A21E39C2E00DE32E5 /* UI */ = {
			isa = PBXGroup;
			children = (
				41EA0B4B21E39C4100DE32E5 /* Views */,
				41EA0B4421E3678B00DE32E5 /* Storyboards */,
			);
			path = UI;
			sourceTree = "<group>";
		};
		41EA0B4B21E39C4100DE32E5 /* Views */ = {
			isa = PBXGroup;
			children = (
				41EA0B4821E39C0200DE32E5 /* TaskCellView.xib */,
				41EA0B4C21E39C9B00DE32E5 /* TaskCellView.swift */,
			);
			path = Views;
			sourceTree = "<group>";
		};
/* End PBXGroup section */

/* Begin PBXNativeTarget section */
		41EA0B2B21E3672100DE32E5 /* Tasker */ = {
			isa = PBXNativeTarget;
			buildConfigurationList = 41EA0B4121E3672300DE32E5 /* Build configuration list for PBXNativeTarget "Tasker" */;
			buildPhases = (
				41EA0B2821E3672100DE32E5 /* Sources */,
				41EA0B2921E3672100DE32E5 /* Frameworks */,
				41EA0B2A21E3672100DE32E5 /* Resources */,
			);
			buildRules = (
			);
			dependencies = (
			);
			name = Tasker;
			productName = Tasker;
			productReference = 41EA0B2C21E3672100DE32E5 /* Tasker.app */;
			productType = "com.apple.product-type.application";
		};
/* End PBXNativeTarget section */

/* Begin PBXProject section */
		41EA0B2421E3672100DE32E5 /* Project object */ = {
			isa = PBXProject;
			attributes = {
				LastSwiftUpdateCheck = 1010;
				LastUpgradeCheck = 1010;
				ORGANIZATIONNAME = "Denis Filipas";
				TargetAttributes = {
					41EA0B2B21E3672100DE32E5 = {
						CreatedOnToolsVersion = 10.1;
					};
				};
			};
			buildConfigurationList = 41EA0B2721E3672100DE32E5 /* Build configuration list for PBXProject "Tasker" */;
			compatibilityVersion = "Xcode 9.3";
			developmentRegion = en;
			hasScannedForEncodings = 0;
			knownRegions = (
				en,
				Base,
			);
			mainGroup = 41EA0B2321E3672100DE32E5;
			productRefGroup = 41EA0B2D21E3672100DE32E5 /* Products */;
			projectDirPath = "";
			projectRoot = "";
			targets = (
				41EA0B2B21E3672100DE32E5 /* Tasker */,
			);
		};
/* End PBXProject section */

/* Begin PBXResourcesBuildPhase section */
		41EA0B2A21E3672100DE32E5 /* Resources */ = {
			isa = PBXResourcesBuildPhase;
			buildActionMask = 2147483647;
			files = (
				41EA0B3D21E3672300DE32E5 /* LaunchScreen.storyboard in Resources */,
				41EA0B3A21E3672300DE32E5 /* Assets.xcassets in Resources */,
				41EA0B3521E3672100DE32E5 /* Main.storyboard in Resources */,
				41EA0B4921E39C0200DE32E5 /* TaskCellView.xib in Resources */,
			);
			runOnlyForDeploymentPostprocessing = 0;
		};
/* End PBXResourcesBuildPhase section */

/* Begin PBXSourcesBuildPhase section */
		41EA0B2821E3672100DE32E5 /* Sources */ = {
			isa = PBXSourcesBuildPhase;
			buildActionMask = 2147483647;
			files = (
				41EA0B3821E3672100DE32E5 /* Tasker.xcdatamodeld in Sources */,
				41EA0B3221E3672100DE32E5 /* TaskListViewController.swift in Sources */,
				41EA0B3021E3672100DE32E5 /* AppDelegate.swift in Sources */,
				41EA0B4F21E3C14D00DE32E5 /* TasksFetchedResultsController.swift in Sources */,
				41EA0B4D21E39C9B00DE32E5 /* TaskCellView.swift in Sources */,
			);
			runOnlyForDeploymentPostprocessing = 0;
		};
/* End PBXSourcesBuildPhase section */

/* Begin PBXVariantGroup section */
		41EA0B3321E3672100DE32E5 /* Main.storyboard */ = {
			isa = PBXVariantGroup;
			children = (
				41EA0B3421E3672100DE32E5 /* Base */,
			);
			name = Main.storyboard;
			sourceTree = "<group>";
		};
		41EA0B3B21E3672300DE32E5 /* LaunchScreen.storyboard */ = {
			isa = PBXVariantGroup;
			children = (
				41EA0B3C21E3672300DE32E5 /* Base */,
			);
			name = LaunchScreen.storyboard;
			sourceTree = "<group>";
		};
/* End PBXVariantGroup section */

/* Begin XCBuildConfiguration section */
		41EA0B3F21E3672300DE32E5 /* Debug */ = {
			isa = XCBuildConfiguration;
			buildSettings = {
				ALWAYS_SEARCH_USER_PATHS = NO;
				CLANG_ANALYZER_NONNULL = YES;
				CLANG_ANALYZER_NUMBER_OBJECT_CONVERSION = YES_AGGRESSIVE;
				CLANG_CXX_LANGUAGE_STANDARD = "gnu++14";
				CLANG_CXX_LIBRARY = "libc++";
				CLANG_ENABLE_MODULES = YES;
				CLANG_ENABLE_OBJC_ARC = YES;
				CLANG_ENABLE_OBJC_WEAK = YES;
				CLANG_WARN_BLOCK_CAPTURE_AUTORELEASING = YES;
				CLANG_WARN_BOOL_CONVERSION = YES;
				CLANG_WARN_COMMA = YES;
				CLANG_WARN_CONSTANT_CONVERSION = YES;
				CLANG_WARN_DEPRECATED_OBJC_IMPLEMENTATIONS = YES;
				CLANG_WARN_DIRECT_OBJC_ISA_USAGE = YES_ERROR;
				CLANG_WARN_DOCUMENTATION_COMMENTS = YES;
				CLANG_WARN_EMPTY_BODY = YES;
				CLANG_WARN_ENUM_CONVERSION = YES;
				CLANG_WARN_INFINITE_RECURSION = YES;
				CLANG_WARN_INT_CONVERSION = YES;
				CLANG_WARN_NON_LITERAL_NULL_CONVERSION = YES;
				CLANG_WARN_OBJC_IMPLICIT_RETAIN_SELF = YES;
				CLANG_WARN_OBJC_LITERAL_CONVERSION = YES;
				CLANG_WARN_OBJC_ROOT_CLASS = YES_ERROR;
				CLANG_WARN_RANGE_LOOP_ANALYSIS = YES;
				CLANG_WARN_STRICT_PROTOTYPES = YES;
				CLANG_WARN_SUSPICIOUS_MOVE = YES;
				CLANG_WARN_UNGUARDED_AVAILABILITY = YES_AGGRESSIVE;
				CLANG_WARN_UNREACHABLE_CODE = YES;
				CLANG_WARN__DUPLICATE_METHOD_MATCH = YES;
				CODE_SIGN_IDENTITY = "iPhone Developer";
				COPY_PHASE_STRIP = NO;
				DEBUG_INFORMATION_FORMAT = dwarf;
				ENABLE_STRICT_OBJC_MSGSEND = YES;
				ENABLE_TESTABILITY = YES;
				GCC_C_LANGUAGE_STANDARD = gnu11;
				GCC_DYNAMIC_NO_PIC = NO;
				GCC_NO_COMMON_BLOCKS = YES;
				GCC_OPTIMIZATION_LEVEL = 0;
				GCC_PREPROCESSOR_DEFINITIONS = (
					"DEBUG=1",
					"$(inherited)",
				);
				GCC_WARN_64_TO_32_BIT_CONVERSION = YES;
				GCC_WARN_ABOUT_RETURN_TYPE = YES_ERROR;
				GCC_WARN_UNDECLARED_SELECTOR = YES;
				GCC_WARN_UNINITIALIZED_AUTOS = YES_AGGRESSIVE;
				GCC_WARN_UNUSED_FUNCTION = YES;
				GCC_WARN_UNUSED_VARIABLE = YES;
				IPHONEOS_DEPLOYMENT_TARGET = 12.1;
				MTL_ENABLE_DEBUG_INFO = INCLUDE_SOURCE;
				MTL_FAST_MATH = YES;
				ONLY_ACTIVE_ARCH = YES;
				SDKROOT = iphoneos;
				SWIFT_ACTIVE_COMPILATION_CONDITIONS = DEBUG;
				SWIFT_OPTIMIZATION_LEVEL = "-Onone";
			};
			name = Debug;
		};
		41EA0B4021E3672300DE32E5 /* Release */ = {
			isa = XCBuildConfiguration;
			buildSettings = {
				ALWAYS_SEARCH_USER_PATHS = NO;
				CLANG_ANALYZER_NONNULL = YES;
				CLANG_ANALYZER_NUMBER_OBJECT_CONVERSION = YES_AGGRESSIVE;
				CLANG_CXX_LANGUAGE_STANDARD = "gnu++14";
				CLANG_CXX_LIBRARY = "libc++";
				CLANG_ENABLE_MODULES = YES;
				CLANG_ENABLE_OBJC_ARC = YES;
				CLANG_ENABLE_OBJC_WEAK = YES;
				CLANG_WARN_BLOCK_CAPTURE_AUTORELEASING = YES;
				CLANG_WARN_BOOL_CONVERSION = YES;
				CLANG_WARN_COMMA = YES;
				CLANG_WARN_CONSTANT_CONVERSION = YES;
				CLANG_WARN_DEPRECATED_OBJC_IMPLEMENTATIONS = YES;
				CLANG_WARN_DIRECT_OBJC_ISA_USAGE = YES_ERROR;
				CLANG_WARN_DOCUMENTATION_COMMENTS = YES;
				CLANG_WARN_EMPTY_BODY = YES;
				CLANG_WARN_ENUM_CONVERSION = YES;
				CLANG_WARN_INFINITE_RECURSION = YES;
				CLANG_WARN_INT_CONVERSION = YES;
				CLANG_WARN_NON_LITERAL_NULL_CONVERSION = YES;
				CLANG_WARN_OBJC_IMPLICIT_RETAIN_SELF = YES;
				CLANG_WARN_OBJC_LITERAL_CONVERSION = YES;
				CLANG_WARN_OBJC_ROOT_CLASS = YES_ERROR;
				CLANG_WARN_RANGE_LOOP_ANALYSIS = YES;
				CLANG_WARN_STRICT_PROTOTYPES = YES;
				CLANG_WARN_SUSPICIOUS_MOVE = YES;
				CLANG_WARN_UNGUARDED_AVAILABILITY = YES_AGGRESSIVE;
				CLANG_WARN_UNREACHABLE_CODE = YES;
				CLANG_WARN__DUPLICATE_METHOD_MATCH = YES;
				CODE_SIGN_IDENTITY = "iPhone Developer";
				COPY_PHASE_STRIP = NO;
				DEBUG_INFORMATION_FORMAT = "dwarf-with-dsym";
				ENABLE_NS_ASSERTIONS = NO;
				ENABLE_STRICT_OBJC_MSGSEND = YES;
				GCC_C_LANGUAGE_STANDARD = gnu11;
				GCC_NO_COMMON_BLOCKS = YES;
				GCC_WARN_64_TO_32_BIT_CONVERSION = YES;
				GCC_WARN_ABOUT_RETURN_TYPE = YES_ERROR;
				GCC_WARN_UNDECLARED_SELECTOR = YES;
				GCC_WARN_UNINITIALIZED_AUTOS = YES_AGGRESSIVE;
				GCC_WARN_UNUSED_FUNCTION = YES;
				GCC_WARN_UNUSED_VARIABLE = YES;
				IPHONEOS_DEPLOYMENT_TARGET = 12.1;
				MTL_ENABLE_DEBUG_INFO = NO;
				MTL_FAST_MATH = YES;
				SDKROOT = iphoneos;
				SWIFT_COMPILATION_MODE = wholemodule;
				SWIFT_OPTIMIZATION_LEVEL = "-O";
				VALIDATE_PRODUCT = YES;
			};
			name = Release;
		};
		41EA0B4221E3672300DE32E5 /* Debug */ = {
			isa = XCBuildConfiguration;
			buildSettings = {
				ASSETCATALOG_COMPILER_APPICON_NAME = AppIcon;
				CODE_SIGN_IDENTITY = "iPhone Developer";
				CODE_SIGN_STYLE = Automatic;
				DEVELOPMENT_TEAM = 7FWT4WJ8N2;
				INFOPLIST_FILE = Tasker/Info.plist;
				LD_RUNPATH_SEARCH_PATHS = (
					"$(inherited)",
					"@executable_path/Frameworks",
				);
				PRODUCT_BUNDLE_IDENTIFIER = "-19fe6a6-b061-40b2-acb4-05e0c6392bd4";
				PRODUCT_NAME = "$(TARGET_NAME)";
				PROVISIONING_PROFILE_SPECIFIER = "";
				SWIFT_VERSION = 4.2;
				TARGETED_DEVICE_FAMILY = 1;
			};
			name = Debug;
		};
		41EA0B4321E3672300DE32E5 /* Release */ = {
			isa = XCBuildConfiguration;
			buildSettings = {
				ASSETCATALOG_COMPILER_APPICON_NAME = AppIcon;
				CODE_SIGN_IDENTITY = "iPhone Developer";
				CODE_SIGN_STYLE = Automatic;
				DEVELOPMENT_TEAM = 7FWT4WJ8N2;
				INFOPLIST_FILE = Tasker/Info.plist;
				LD_RUNPATH_SEARCH_PATHS = (
					"$(inherited)",
					"@executable_path/Frameworks",
				);
				PRODUCT_BUNDLE_IDENTIFIER = "-19fe6a6-b061-40b2-acb4-05e0c6392bd4";
				PRODUCT_NAME = "$(TARGET_NAME)";
				PROVISIONING_PROFILE_SPECIFIER = "";
				SWIFT_VERSION = 4.2;
				TARGETED_DEVICE_FAMILY = 1;
			};
			name = Release;
		};
/* End XCBuildConfiguration section */

/* Begin XCConfigurationList section */
		41EA0B2721E3672100DE32E5 /* Build configuration list for PBXProject "Tasker" */ = {
			isa = XCConfigurationList;
			buildConfigurations = (
				41EA0B3F21E3672300DE32E5 /* Debug */,
				41EA0B4021E3672300DE32E5 /* Release */,
			);
			defaultConfigurationIsVisible = 0;
			defaultConfigurationName = Release;
		};
		41EA0B4121E3672300DE32E5 /* Build configuration list for PBXNativeTarget "Tasker" */ = {
			isa = XCConfigurationList;
			buildConfigurations = (
				41EA0B4221E3672300DE32E5 /* Debug */,
				41EA0B4321E3672300DE32E5 /* Release */,
			);
			defaultConfigurationIsVisible = 0;
			defaultConfigurationName = Release;
		};
/* End XCConfigurationList section */

/* Begin XCVersionGroup section */
		41EA0B3621E3672100DE32E5 /* Tasker.xcdatamodeld */ = {
			isa = XCVersionGroup;
			children = (
				41EA0B3721E3672100DE32E5 /* Tasker.xcdatamodel */,
			);
			currentVersion = 41EA0B3721E3672100DE32E5 /* Tasker.xcdatamodel */;
			path = Tasker.xcdatamodeld;
			sourceTree = "<group>";
			versionGroupType = wrapper.xcdatamodel;
		};
/* End XCVersionGroup section */
	};
	rootObject = 41EA0B2421E3672100DE32E5 /* Project object */;
}
